<?xml version="1.0" encoding="utf-8"?>
<Project ToolsVersion="4.0" xmlns="http://schemas.microsoft.com/developer/msbuild/2003">
  <ItemGroup>
    <ClCompile Include="code\camera.cpp" />
    <ClCompile Include="code\engine.cpp" />
    <ClCompile Include="code\game.cpp" />
    <ClCompile Include="code\main.cpp" />
    <ClCompile Include="code\shader.cpp" />
    <ClCompile Include="code\window.cpp" />
    <ClCompile Include="code\math2d.cpp" />
    <ClCompile Include="code\sprite.cpp" />
    <ClCompile Include="code\tilemap.cpp" />
    <ClCompile Include="code\drawer.cpp" />
    <ClCompile Include="code\texture.cpp" />
  </ItemGroup>
  <ItemGroup>
    <ClInclude Include="code\camera.h" />
    <ClInclude Include="code\engine.h" />
    <ClInclude Include="code\game.h" />
    <ClInclude Include="code\shader.h" />
    <ClInclude Include="code\window.h" />
    <ClInclude Include="code\math2d.h" />
    <ClInclude Include="code\sprite.h" />
    <ClInclude Include="code\tilemap.h" />
    <ClInclude Include="code\drawer.h" />
    <ClInclude Include="code\texture.h" />
  </ItemGroup>
  <ItemGroup>
    <None Include="resources\shaders\2d.frag" />
    <None Include="resources\shaders\2d.vert" />
  </ItemGroup>
</Project>